{
  "version": 4,
  "terraform_version": "1.0.5",
  "serial": 16,
  "lineage": "c743e448-83f2-1a46-e562-29d2c21eeacb",
  "outputs": {},
  "resources": [
    {
      "mode": "data",
      "type": "template_file",
      "name": "userdata",
      "provider": "provider[\"registry.terraform.io/hashicorp/template\"]",
      "instances": [
        {
          "schema_version": 0,
          "attributes": {
            "filename": null,
            "id": "a0a96704a9d415ce3a885313067242471f3ba950b08164c46be52a007da9686b",
            "rendered": "#!/bin/bash\necho \"terraform-testbox\" \u003e /tmp/test\nexport HOSTNAME=\"terraform-testbox\"\n",
            "template": "#!/bin/bash\necho \"${name}\" \u003e /tmp/test\nexport HOSTNAME=\"${name}\"\n",
            "vars": {
              "name": "terraform-testbox"
            }
          },
          "sensitive_attributes": []
        }
      ]
    },
    {
      "mode": "managed",
      "type": "aws_instance",
      "name": "app_server",
      "provider": "provider[\"registry.terraform.io/hashicorp/aws\"]",
      "instances": [
        {
          "schema_version": 1,
          "attributes": {
            "ami": "ami-04db49c0fb2215364",
            "arn": "arn:aws:ec2:ap-south-1:422127319638:instance/i-08c9705896d7c99bd",
            "associate_public_ip_address": true,
            "availability_zone": "ap-south-1a",
            "capacity_reservation_specification": [
              {
                "capacity_reservation_preference": "open",
                "capacity_reservation_target": []
              }
            ],
            "cpu_core_count": 1,
            "cpu_threads_per_core": 1,
            "credit_specification": [
              {
                "cpu_credits": "standard"
              }
            ],
            "disable_api_termination": false,
            "ebs_block_device": [],
            "ebs_optimized": false,
            "enclave_options": [
              {
                "enabled": false
              }
            ],
            "ephemeral_block_device": [],
            "get_password_data": false,
            "hibernation": false,
            "host_id": null,
            "iam_instance_profile": "",
            "id": "i-08c9705896d7c99bd",
            "instance_initiated_shutdown_behavior": "stop",
            "instance_state": "running",
            "instance_type": "t2.micro",
            "ipv6_address_count": 0,
            "ipv6_addresses": [],
            "key_name": "forwader",
            "launch_template": [],
            "metadata_options": [
              {
                "http_endpoint": "enabled",
                "http_put_response_hop_limit": 1,
                "http_tokens": "optional"
              }
            ],
            "monitoring": false,
            "network_interface": [],
            "outpost_arn": "",
            "password_data": "",
            "placement_group": "",
            "primary_network_interface_id": "eni-08ce298f9c389325d",
            "private_dns": "ip-172-31-43-132.ap-south-1.compute.internal",
            "private_ip": "172.31.43.132",
            "public_dns": "ec2-13-234-19-194.ap-south-1.compute.amazonaws.com",
            "public_ip": "13.234.19.194",
            "root_block_device": [
              {
                "delete_on_termination": true,
                "device_name": "/dev/xvda",
                "encrypted": false,
                "iops": 100,
                "kms_key_id": "",
                "tags": {},
                "throughput": 0,
                "volume_id": "vol-0e2cd7a3553fc4fd9",
                "volume_size": 8,
                "volume_type": "gp2"
              }
            ],
            "secondary_private_ips": [],
            "security_groups": [
              "default"
            ],
            "source_dest_check": true,
            "subnet_id": "subnet-b75baadc",
            "tags": {
              "Name": "terraform-testbox"
            },
            "tags_all": {
              "Name": "terraform-testbox"
            },
            "tenancy": "default",
            "timeouts": null,
            "user_data": "991c1b3be1ba39428dd15ad9f2af15c3078c56a3",
            "user_data_base64": null,
            "volume_tags": null,
            "vpc_security_group_ids": [
              "sg-596d6525"
            ]
          },
          "sensitive_attributes": [],
          "private": "eyJlMmJmYjczMC1lY2FhLTExZTYtOGY4OC0zNDM2M2JjN2M0YzAiOnsiY3JlYXRlIjo2MDAwMDAwMDAwMDAsImRlbGV0ZSI6MTIwMDAwMDAwMDAwMCwidXBkYXRlIjo2MDAwMDAwMDAwMDB9LCJzY2hlbWFfdmVyc2lvbiI6IjEifQ==",
          "dependencies": [
            "data.template_file.userdata"
          ]
        }
      ]
    },
    {
      "mode": "managed",
      "type": "aws_security_group",
      "name": "sg",
      "provider": "provider[\"registry.terraform.io/hashicorp/aws\"]",
      "instances": [
        {
          "schema_version": 1,
          "attributes": {
            "arn": "arn:aws:ec2:ap-south-1:422127319638:security-group/sg-0f88306c4a24cea0d",
            "description": "Managed by Terraform",
            "egress": [],
            "id": "sg-0f88306c4a24cea0d",
            "ingress": [],
            "name": "terraform-20210901152923644900000001",
            "name_prefix": "terraform-",
            "owner_id": "422127319638",
            "revoke_rules_on_delete": false,
            "tags": {
              "type": "launch-wizard-2"
            },
            "tags_all": {
              "type": "launch-wizard-2"
            },
            "timeouts": null,
            "vpc_id": "vpc-ffb97294"
          },
          "sensitive_attributes": [],
          "private": "eyJlMmJmYjczMC1lY2FhLTExZTYtOGY4OC0zNDM2M2JjN2M0YzAiOnsiY3JlYXRlIjo2MDAwMDAwMDAwMDAsImRlbGV0ZSI6OTAwMDAwMDAwMDAwfSwic2NoZW1hX3ZlcnNpb24iOiIxIn0="
        }
      ]
    }
  ]
}
